
Microsoft Visual Studio Solution File, Format Version 12.00
# Visual Studio Version 16
VisualStudioVersion = 16.0.30621.155
MinimumVisualStudioVersion = 10.0.40219.1
Project("{FAE04EC0-301F-11D3-BF4B-00C04F79EFBC}") = "4-2018-probaBaza", "4-2018-probaBaza\4-2018-probaBaza.csproj", "{C987F532-5DE4-4223-B05A-19928C9049C1}"
EndProject
Global
	GlobalSection(SolutionConfigurationPlatforms) = preSolution
		Debug|Any CPU = Debug|Any CPU
		Release|Any CPU = Release|Any CPU
	EndGlobalSection
	GlobalSection(ProjectConfigurationPlatforms) = postSolution
		{C987F532-5DE4-4223-B05A-19928C9049C1}.Debug|Any CPU.ActiveCfg = Debug|Any CPU
		{C987F532-5DE4-4223-B05A-19928C9049C1}.Debug|Any CPU.Build.0 = Debug|Any CPU
		{C987F532-5DE4-4223-B05A-19928C9049C1}.Release|Any CPU.ActiveCfg = Release|Any CPU
		{C987F532-5DE4-4223-B05A-19928C9049C1}.Release|Any CPU.Build.0 = Release|Any CPU
	EndGlobalSection
	GlobalSection(SolutionProperties) = preSolution
		HideSolutionNode = FALSE
	EndGlobalSection
	GlobalSection(ExtensibilityGlobals) = postSolution
		SolutionGuid = {284803DB-E6D3-46AA-A19E-C90547CA7EE6}
	EndGlobalSection
EndGlobal
